
Microsoft Visual Studio Solution File, Format Version 12.00
# Visual Studio Version 16
VisualStudioVersion = 16.0.31702.278
MinimumVisualStudioVersion = 10.0.40219.1
Project("{FAE04EC0-301F-11D3-BF4B-00C04F79EFBC}") = "Generic", "Generic\Generic.csproj", "{0F473888-9321-4000-8761-77779A9199F2}"
EndProject
Global
	GlobalSection(SolutionConfigurationPlatforms) = preSolution
		Debug|Any CPU = Debug|Any CPU
		Release|Any CPU = Release|Any CPU
	EndGlobalSection
	GlobalSection(ProjectConfigurationPlatforms) = postSolution
		{0F473888-9321-4000-8761-77779A9199F2}.Debug|Any CPU.ActiveCfg = Debug|Any CPU
		{0F473888-9321-4000-8761-77779A9199F2}.Debug|Any CPU.Build.0 = Debug|Any CPU
		{0F473888-9321-4000-8761-77779A9199F2}.Release|Any CPU.ActiveCfg = Release|Any CPU
		{0F473888-9321-4000-8761-77779A9199F2}.Release|Any CPU.Build.0 = Release|Any CPU
	EndGlobalSection
	GlobalSection(SolutionProperties) = preSolution
		HideSolutionNode = FALSE
	EndGlobalSection
	GlobalSection(ExtensibilityGlobals) = postSolution
		SolutionGuid = {14DFF1A6-8531-4A36-8022-4A57608E51D6}
	EndGlobalSection
EndGlobal
